
Microsoft Visual Studio Solution File, Format Version 12.00
# Visual Studio Version 17
VisualStudioVersion = 17.0.31422.47
MinimumVisualStudioVersion = 10.0.40219.1
Project("{9A19103F-16F7-4668-BE54-9A1E7A4F7556}") = "minimalWeb", "minimalWeb.csproj", "{437B33E1-6382-4260-B112-7B3B3C4F4FC2}"
EndProject
Global
	GlobalSection(SolutionConfigurationPlatforms) = preSolution
		Debug|Any CPU = Debug|Any CPU
		Release|Any CPU = Release|Any CPU
	EndGlobalSection
	GlobalSection(ProjectConfigurationPlatforms) = postSolution
		{437B33E1-6382-4260-B112-7B3B3C4F4FC2}.Debug|Any CPU.ActiveCfg = Debug|Any CPU
		{437B33E1-6382-4260-B112-7B3B3C4F4FC2}.Debug|Any CPU.Build.0 = Debug|Any CPU
		{437B33E1-6382-4260-B112-7B3B3C4F4FC2}.Release|Any CPU.ActiveCfg = Release|Any CPU
		{437B33E1-6382-4260-B112-7B3B3C4F4FC2}.Release|Any CPU.Build.0 = Release|Any CPU
	EndGlobalSection
	GlobalSection(SolutionProperties) = preSolution
		HideSolutionNode = FALSE
	EndGlobalSection
	GlobalSection(ExtensibilityGlobals) = postSolution
		SolutionGuid = {72E59775-2AF9-4872-B3CD-1B16F8FFDE78}
	EndGlobalSection
EndGlobal
